
Microsoft Visual Studio Solution File, Format Version 12.00
# Visual Studio Version 17
VisualStudioVersion = 17.11.35327.3
MinimumVisualStudioVersion = 10.0.40219.1
Project("{9A19103F-16F7-4668-BE54-9A1E7A4F7556}") = "DDSS.HideEmailNotifications", "DDSS.HideEmailNotifications.csproj", "{2694CDB9-0ADE-4655-8386-09036808E24E}"
EndProject
Global
	GlobalSection(SolutionConfigurationPlatforms) = preSolution
		Debug|Any CPU = Debug|Any CPU
		Release|Any CPU = Release|Any CPU
	EndGlobalSection
	GlobalSection(ProjectConfigurationPlatforms) = postSolution
		{2694CDB9-0ADE-4655-8386-09036808E24E}.Debug|Any CPU.ActiveCfg = Debug|Any CPU
		{2694CDB9-0ADE-4655-8386-09036808E24E}.Debug|Any CPU.Build.0 = Debug|Any CPU
		{2694CDB9-0ADE-4655-8386-09036808E24E}.Release|Any CPU.ActiveCfg = Release|Any CPU
		{2694CDB9-0ADE-4655-8386-09036808E24E}.Release|Any CPU.Build.0 = Release|Any CPU
	EndGlobalSection
	GlobalSection(SolutionProperties) = preSolution
		HideSolutionNode = FALSE
	EndGlobalSection
	GlobalSection(ExtensibilityGlobals) = postSolution
		SolutionGuid = {085ED893-3952-4DDB-AF1A-4FEE6846BC09}
	EndGlobalSection
EndGlobal
